// !$*UTF8*$!
{
	archiveVersion = 1;
	classes = {
	};
	objectVersion = 46;
	objects = {

/* Begin PBXBuildFile section */
		61AC7EB61E1E355D001166E7 /* AppDelegate.m in Sources */ = {isa = PBXBuildFile; fileRef = 61AC7EB51E1E355D001166E7 /* AppDelegate.m */; };
		61AC7EB91E1E355D001166E7 /* main.m in Sources */ = {isa = PBXBuildFile; fileRef = 61AC7EB81E1E355D001166E7 /* main.m */; };
		61AC7EBB1E1E355E001166E7 /* Assets.xcassets in Resources */ = {isa = PBXBuildFile; fileRef = 61AC7EBA1E1E355E001166E7 /* Assets.xcassets */; };
		61AC7EBE1E1E355E001166E7 /* MainMenu.xib in Resources */ = {isa = PBXBuildFile; fileRef = 61AC7EBC1E1E355E001166E7 /* MainMenu.xib */; };
		61AC7EE91E1E376E001166E7 /* Documentation.html in Resources */ = {isa = PBXBuildFile; fileRef = 61AC7EC81E1E376E001166E7 /* Documentation.html */; };
		61AC7EEA1E1E376E001166E7 /* GCDAsyncSocket.m in Sources */ = {isa = PBXBuildFile; fileRef = 61AC7ECA1E1E376E001166E7 /* GCDAsyncSocket.m */; };
		61AC7EEB1E1E376E001166E7 /* GCDAsyncUdpSocket.m in Sources */ = {isa = PBXBuildFile; fileRef = 61AC7ECC1E1E376E001166E7 /* GCDAsyncUdpSocket.m */; };
		61AC7EEC1E1E376E001166E7 /* Info.plist in Resources */ = {isa = PBXBuildFile; fileRef = 61AC7ECD1E1E376E001166E7 /* Info.plist */; };
		61AC7EED1E1E376E001166E7 /* AsyncSocket.m in Sources */ = {isa = PBXBuildFile; fileRef = 61AC7ED01E1E376E001166E7 /* AsyncSocket.m */; };
		61AC7EEE1E1E376E001166E7 /* AsyncUdpSocket.m in Sources */ = {isa = PBXBuildFile; fileRef = 61AC7ED21E1E376E001166E7 /* AsyncUdpSocket.m */; };
		61AC7EEF1E1E376E001166E7 /* Documentation.html in Resources */ = {isa = PBXBuildFile; fileRef = 61AC7ED31E1E376E001166E7 /* Documentation.html */; };
		61AC7EF01E1E376E001166E7 /* DDAbstractDatabaseLogger.m in Sources */ = {isa = PBXBuildFile; fileRef = 61AC7ED71E1E376E001166E7 /* DDAbstractDatabaseLogger.m */; };
		61AC7EF11E1E376E001166E7 /* DDASLLogger.m in Sources */ = {isa = PBXBuildFile; fileRef = 61AC7ED91E1E376E001166E7 /* DDASLLogger.m */; };
		61AC7EF21E1E376E001166E7 /* DDFileLogger.m in Sources */ = {isa = PBXBuildFile; fileRef = 61AC7EDB1E1E376E001166E7 /* DDFileLogger.m */; };
		61AC7EF31E1E376E001166E7 /* DDLog.m in Sources */ = {isa = PBXBuildFile; fileRef = 61AC7EDE1E1E376E001166E7 /* DDLog.m */; };
		61AC7EF41E1E376E001166E7 /* DDTTYLogger.m in Sources */ = {isa = PBXBuildFile; fileRef = 61AC7EE01E1E376E001166E7 /* DDTTYLogger.m */; };
		61AC7EF51E1E376E001166E7 /* DDContextFilterLogFormatter.m in Sources */ = {isa = PBXBuildFile; fileRef = 61AC7EE31E1E376E001166E7 /* DDContextFilterLogFormatter.m */; };
		61AC7EF61E1E376E001166E7 /* DDDispatchQueueLogFormatter.m in Sources */ = {isa = PBXBuildFile; fileRef = 61AC7EE51E1E376E001166E7 /* DDDispatchQueueLogFormatter.m */; };
		61AC7EF71E1E376E001166E7 /* DDMultiFormatter.m in Sources */ = {isa = PBXBuildFile; fileRef = 61AC7EE71E1E376E001166E7 /* DDMultiFormatter.m */; };
		61AC7EF81E1E376E001166E7 /* README.txt in Resources */ = {isa = PBXBuildFile; fileRef = 61AC7EE81E1E376E001166E7 /* README.txt */; };
		61AC7EFB1E1E37AB001166E7 /* SocketServerManager.m in Sources */ = {isa = PBXBuildFile; fileRef = 61AC7EFA1E1E37AB001166E7 /* SocketServerManager.m */; };
/* End PBXBuildFile section */

/* Begin PBXFileReference section */
		61AC7EB11E1E355D001166E7 /* TransmitInfoServer.app */ = {isa = PBXFileReference; explicitFileType = wrapper.application; includeInIndex = 0; path = TransmitInfoServer.app; sourceTree = BUILT_PRODUCTS_DIR; };
		61AC7EB41E1E355D001166E7 /* AppDelegate.h */ = {isa = PBXFileReference; lastKnownFileType = sourcecode.c.h; path = AppDelegate.h; sourceTree = "<group>"; };
		61AC7EB51E1E355D001166E7 /* AppDelegate.m */ = {isa = PBXFileReference; lastKnownFileType = sourcecode.c.objc; path = AppDelegate.m; sourceTree = "<group>"; };
		61AC7EB81E1E355D001166E7 /* main.m */ = {isa = PBXFileReference; lastKnownFileType = sourcecode.c.objc; path = main.m; sourceTree = "<group>"; };
		61AC7EBA1E1E355E001166E7 /* Assets.xcassets */ = {isa = PBXFileReference; lastKnownFileType = folder.assetcatalog; path = Assets.xcassets; sourceTree = "<group>"; };
		61AC7EBD1E1E355E001166E7 /* Base */ = {isa = PBXFileReference; lastKnownFileType = file.xib; name = Base; path = Base.lproj/MainMenu.xib; sourceTree = "<group>"; };
		61AC7EBF1E1E355E001166E7 /* Info.plist */ = {isa = PBXFileReference; lastKnownFileType = text.plist.xml; path = Info.plist; sourceTree = "<group>"; };
		61AC7EC61E1E376E001166E7 /* CocoaAsyncSocket.h */ = {isa = PBXFileReference; fileEncoding = 4; lastKnownFileType = sourcecode.c.h; path = CocoaAsyncSocket.h; sourceTree = "<group>"; };
		61AC7EC81E1E376E001166E7 /* Documentation.html */ = {isa = PBXFileReference; fileEncoding = 4; lastKnownFileType = text.html; path = Documentation.html; sourceTree = "<group>"; };
		61AC7EC91E1E376E001166E7 /* GCDAsyncSocket.h */ = {isa = PBXFileReference; fileEncoding = 4; lastKnownFileType = sourcecode.c.h; path = GCDAsyncSocket.h; sourceTree = "<group>"; };
		61AC7ECA1E1E376E001166E7 /* GCDAsyncSocket.m */ = {isa = PBXFileReference; fileEncoding = 4; lastKnownFileType = sourcecode.c.objc; path = GCDAsyncSocket.m; sourceTree = "<group>"; };
		61AC7ECB1E1E376E001166E7 /* GCDAsyncUdpSocket.h */ = {isa = PBXFileReference; fileEncoding = 4; lastKnownFileType = sourcecode.c.h; path = GCDAsyncUdpSocket.h; sourceTree = "<group>"; };
		61AC7ECC1E1E376E001166E7 /* GCDAsyncUdpSocket.m */ = {isa = PBXFileReference; fileEncoding = 4; lastKnownFileType = sourcecode.c.objc; path = GCDAsyncUdpSocket.m; sourceTree = "<group>"; };
		61AC7ECD1E1E376E001166E7 /* Info.plist */ = {isa = PBXFileReference; fileEncoding = 4; lastKnownFileType = text.plist.xml; path = Info.plist; sourceTree = "<group>"; };
		61AC7ECF1E1E376E001166E7 /* AsyncSocket.h */ = {isa = PBXFileReference; fileEncoding = 4; lastKnownFileType = sourcecode.c.h; path = AsyncSocket.h; sourceTree = "<group>"; };
		61AC7ED01E1E376E001166E7 /* AsyncSocket.m */ = {isa = PBXFileReference; fileEncoding = 4; lastKnownFileType = sourcecode.c.objc; path = AsyncSocket.m; sourceTree = "<group>"; };
		61AC7ED11E1E376E001166E7 /* AsyncUdpSocket.h */ = {isa = PBXFileReference; fileEncoding = 4; lastKnownFileType = sourcecode.c.h; path = AsyncUdpSocket.h; sourceTree = "<group>"; };
		61AC7ED21E1E376E001166E7 /* AsyncUdpSocket.m */ = {isa = PBXFileReference; fileEncoding = 4; lastKnownFileType = sourcecode.c.objc; path = AsyncUdpSocket.m; sourceTree = "<group>"; };
		61AC7ED31E1E376E001166E7 /* Documentation.html */ = {isa = PBXFileReference; fileEncoding = 4; lastKnownFileType = text.html; path = Documentation.html; sourceTree = "<group>"; };
		61AC7ED61E1E376E001166E7 /* DDAbstractDatabaseLogger.h */ = {isa = PBXFileReference; fileEncoding = 4; lastKnownFileType = sourcecode.c.h; path = DDAbstractDatabaseLogger.h; sourceTree = "<group>"; };
		61AC7ED71E1E376E001166E7 /* DDAbstractDatabaseLogger.m */ = {isa = PBXFileReference; fileEncoding = 4; lastKnownFileType = sourcecode.c.objc; path = DDAbstractDatabaseLogger.m; sourceTree = "<group>"; };
		61AC7ED81E1E376E001166E7 /* DDASLLogger.h */ = {isa = PBXFileReference; fileEncoding = 4; lastKnownFileType = sourcecode.c.h; path = DDASLLogger.h; sourceTree = "<group>"; };
		61AC7ED91E1E376E001166E7 /* DDASLLogger.m */ = {isa = PBXFileReference; fileEncoding = 4; lastKnownFileType = sourcecode.c.objc; path = DDASLLogger.m; sourceTree = "<group>"; };
		61AC7EDA1E1E376E001166E7 /* DDFileLogger.h */ = {isa = PBXFileReference; fileEncoding = 4; lastKnownFileType = sourcecode.c.h; path = DDFileLogger.h; sourceTree = "<group>"; };
		61AC7EDB1E1E376E001166E7 /* DDFileLogger.m */ = {isa = PBXFileReference; fileEncoding = 4; lastKnownFileType = sourcecode.c.objc; path = DDFileLogger.m; sourceTree = "<group>"; };
		61AC7EDC1E1E376E001166E7 /* DDLog+LOGV.h */ = {isa = PBXFileReference; fileEncoding = 4; lastKnownFileType = sourcecode.c.h; path = "DDLog+LOGV.h"; sourceTree = "<group>"; };
		61AC7EDD1E1E376E001166E7 /* DDLog.h */ = {isa = PBXFileReference; fileEncoding = 4; lastKnownFileType = sourcecode.c.h; path = DDLog.h; sourceTree = "<group>"; };
		61AC7EDE1E1E376E001166E7 /* DDLog.m */ = {isa = PBXFileReference; fileEncoding = 4; lastKnownFileType = sourcecode.c.objc; path = DDLog.m; sourceTree = "<group>"; };
		61AC7EDF1E1E376E001166E7 /* DDTTYLogger.h */ = {isa = PBXFileReference; fileEncoding = 4; lastKnownFileType = sourcecode.c.h; path = DDTTYLogger.h; sourceTree = "<group>"; };
		61AC7EE01E1E376E001166E7 /* DDTTYLogger.m */ = {isa = PBXFileReference; fileEncoding = 4; lastKnownFileType = sourcecode.c.objc; path = DDTTYLogger.m; sourceTree = "<group>"; };
		61AC7EE21E1E376E001166E7 /* DDContextFilterLogFormatter.h */ = {isa = PBXFileReference; fileEncoding = 4; lastKnownFileType = sourcecode.c.h; path = DDContextFilterLogFormatter.h; sourceTree = "<group>"; };
		61AC7EE31E1E376E001166E7 /* DDContextFilterLogFormatter.m */ = {isa = PBXFileReference; fileEncoding = 4; lastKnownFileType = sourcecode.c.objc; path = DDContextFilterLogFormatter.m; sourceTree = "<group>"; };
		61AC7EE41E1E376E001166E7 /* DDDispatchQueueLogFormatter.h */ = {isa = PBXFileReference; fileEncoding = 4; lastKnownFileType = sourcecode.c.h; path = DDDispatchQueueLogFormatter.h; sourceTree = "<group>"; };
		61AC7EE51E1E376E001166E7 /* DDDispatchQueueLogFormatter.m */ = {isa = PBXFileReference; fileEncoding = 4; lastKnownFileType = sourcecode.c.objc; path = DDDispatchQueueLogFormatter.m; sourceTree = "<group>"; };
		61AC7EE61E1E376E001166E7 /* DDMultiFormatter.h */ = {isa = PBXFileReference; fileEncoding = 4; lastKnownFileType = sourcecode.c.h; path = DDMultiFormatter.h; sourceTree = "<group>"; };
		61AC7EE71E1E376E001166E7 /* DDMultiFormatter.m */ = {isa = PBXFileReference; fileEncoding = 4; lastKnownFileType = sourcecode.c.objc; path = DDMultiFormatter.m; sourceTree = "<group>"; };
		61AC7EE81E1E376E001166E7 /* README.txt */ = {isa = PBXFileReference; fileEncoding = 4; lastKnownFileType = text; path = README.txt; sourceTree = "<group>"; };
		61AC7EF91E1E37AB001166E7 /* SocketServerManager.h */ = {isa = PBXFileReference; fileEncoding = 4; lastKnownFileType = sourcecode.c.h; path = SocketServerManager.h; sourceTree = "<group>"; };
		61AC7EFA1E1E37AB001166E7 /* SocketServerManager.m */ = {isa = PBXFileReference; fileEncoding = 4; lastKnownFileType = sourcecode.c.objc; path = SocketServerManager.m; sourceTree = "<group>"; };
/* End PBXFileReference section */

/* Begin PBXFrameworksBuildPhase section */
		61AC7EAE1E1E355D001166E7 /* Frameworks */ = {
			isa = PBXFrameworksBuildPhase;
			buildActionMask = 2147483647;
			files = (
			);
			runOnlyForDeploymentPostprocessing = 0;
		};
/* End PBXFrameworksBuildPhase section */

/* Begin PBXGroup section */
		61AC7EA81E1E355D001166E7 = {
			isa = PBXGroup;
			children = (
				61AC7EB31E1E355D001166E7 /* TransmitInfoServer */,
				61AC7EB21E1E355D001166E7 /* Products */,
			);
			sourceTree = "<group>";
		};
		61AC7EB21E1E355D001166E7 /* Products */ = {
			isa = PBXGroup;
			children = (
				61AC7EB11E1E355D001166E7 /* TransmitInfoServer.app */,
			);
			name = Products;
			sourceTree = "<group>";
		};
		61AC7EB31E1E355D001166E7 /* TransmitInfoServer */ = {
			isa = PBXGroup;
			children = (
				61AC7EB41E1E355D001166E7 /* AppDelegate.h */,
				61AC7EB51E1E355D001166E7 /* AppDelegate.m */,
				61AC7EF91E1E37AB001166E7 /* SocketServerManager.h */,
				61AC7EFA1E1E37AB001166E7 /* SocketServerManager.m */,
				61AC7EBA1E1E355E001166E7 /* Assets.xcassets */,
				61AC7EBC1E1E355E001166E7 /* MainMenu.xib */,
				61AC7EBF1E1E355E001166E7 /* Info.plist */,
				61AC7EC51E1E376E001166E7 /* CocoaAsyncSocket */,
				61AC7EB71E1E355D001166E7 /* Supporting Files */,
			);
			path = TransmitInfoServer;
			sourceTree = "<group>";
		};
		61AC7EB71E1E355D001166E7 /* Supporting Files */ = {
			isa = PBXGroup;
			children = (
				61AC7EB81E1E355D001166E7 /* main.m */,
			);
			name = "Supporting Files";
			sourceTree = "<group>";
		};
		61AC7EC51E1E376E001166E7 /* CocoaAsyncSocket */ = {
			isa = PBXGroup;
			children = (
				61AC7EC61E1E376E001166E7 /* CocoaAsyncSocket.h */,
				61AC7EC71E1E376E001166E7 /* GCD */,
				61AC7ECD1E1E376E001166E7 /* Info.plist */,
				61AC7ECE1E1E376E001166E7 /* RunLoop */,
				61AC7ED41E1E376E001166E7 /* Vendor */,
			);
			path = CocoaAsyncSocket;
			sourceTree = "<group>";
		};
		61AC7EC71E1E376E001166E7 /* GCD */ = {
			isa = PBXGroup;
			children = (
				61AC7EC81E1E376E001166E7 /* Documentation.html */,
				61AC7EC91E1E376E001166E7 /* GCDAsyncSocket.h */,
				61AC7ECA1E1E376E001166E7 /* GCDAsyncSocket.m */,
				61AC7ECB1E1E376E001166E7 /* GCDAsyncUdpSocket.h */,
				61AC7ECC1E1E376E001166E7 /* GCDAsyncUdpSocket.m */,
			);
			path = GCD;
			sourceTree = "<group>";
		};
		61AC7ECE1E1E376E001166E7 /* RunLoop */ = {
			isa = PBXGroup;
			children = (
				61AC7ECF1E1E376E001166E7 /* AsyncSocket.h */,
				61AC7ED01E1E376E001166E7 /* AsyncSocket.m */,
				61AC7ED11E1E376E001166E7 /* AsyncUdpSocket.h */,
				61AC7ED21E1E376E001166E7 /* AsyncUdpSocket.m */,
				61AC7ED31E1E376E001166E7 /* Documentation.html */,
			);
			path = RunLoop;
			sourceTree = "<group>";
		};
		61AC7ED41E1E376E001166E7 /* Vendor */ = {
			isa = PBXGroup;
			children = (
				61AC7ED51E1E376E001166E7 /* CocoaLumberjack */,
			);
			path = Vendor;
			sourceTree = "<group>";
		};
		61AC7ED51E1E376E001166E7 /* CocoaLumberjack */ = {
			isa = PBXGroup;
			children = (
				61AC7ED61E1E376E001166E7 /* DDAbstractDatabaseLogger.h */,
				61AC7ED71E1E376E001166E7 /* DDAbstractDatabaseLogger.m */,
				61AC7ED81E1E376E001166E7 /* DDASLLogger.h */,
				61AC7ED91E1E376E001166E7 /* DDASLLogger.m */,
				61AC7EDA1E1E376E001166E7 /* DDFileLogger.h */,
				61AC7EDB1E1E376E001166E7 /* DDFileLogger.m */,
				61AC7EDC1E1E376E001166E7 /* DDLog+LOGV.h */,
				61AC7EDD1E1E376E001166E7 /* DDLog.h */,
				61AC7EDE1E1E376E001166E7 /* DDLog.m */,
				61AC7EDF1E1E376E001166E7 /* DDTTYLogger.h */,
				61AC7EE01E1E376E001166E7 /* DDTTYLogger.m */,
				61AC7EE11E1E376E001166E7 /* Extensions */,
			);
			path = CocoaLumberjack;
			sourceTree = "<group>";
		};
		61AC7EE11E1E376E001166E7 /* Extensions */ = {
			isa = PBXGroup;
			children = (
				61AC7EE21E1E376E001166E7 /* DDContextFilterLogFormatter.h */,
				61AC7EE31E1E376E001166E7 /* DDContextFilterLogFormatter.m */,
				61AC7EE41E1E376E001166E7 /* DDDispatchQueueLogFormatter.h */,
				61AC7EE51E1E376E001166E7 /* DDDispatchQueueLogFormatter.m */,
				61AC7EE61E1E376E001166E7 /* DDMultiFormatter.h */,
				61AC7EE71E1E376E001166E7 /* DDMultiFormatter.m */,
				61AC7EE81E1E376E001166E7 /* README.txt */,
			);
			path = Extensions;
			sourceTree = "<group>";
		};
/* End PBXGroup section */

/* Begin PBXNativeTarget section */
		61AC7EB01E1E355D001166E7 /* TransmitInfoServer */ = {
			isa = PBXNativeTarget;
			buildConfigurationList = 61AC7EC21E1E355E001166E7 /* Build configuration list for PBXNativeTarget "TransmitInfoServer" */;
			buildPhases = (
				61AC7EAD1E1E355D001166E7 /* Sources */,
				61AC7EAE1E1E355D001166E7 /* Frameworks */,
				61AC7EAF1E1E355D001166E7 /* Resources */,
			);
			buildRules = (
			);
			dependencies = (
			);
			name = TransmitInfoServer;
			productName = TransmitInfoServer;
			productReference = 61AC7EB11E1E355D001166E7 /* TransmitInfoServer.app */;
			productType = "com.apple.product-type.application";
		};
/* End PBXNativeTarget section */

/* Begin PBXProject section */
		61AC7EA91E1E355D001166E7 /* Project object */ = {
			isa = PBXProject;
			attributes = {
				LastUpgradeCheck = 0800;
				ORGANIZATIONNAME = wanglei;
				TargetAttributes = {
					61AC7EB01E1E355D001166E7 = {
						CreatedOnToolsVersion = 8.0;
						ProvisioningStyle = Automatic;
					};
				};
			};
			buildConfigurationList = 61AC7EAC1E1E355D001166E7 /* Build configuration list for PBXProject "TransmitInfoServer" */;
			compatibilityVersion = "Xcode 3.2";
			developmentRegion = English;
			hasScannedForEncodings = 0;
			knownRegions = (
				en,
				Base,
			);
			mainGroup = 61AC7EA81E1E355D001166E7;
			productRefGroup = 61AC7EB21E1E355D001166E7 /* Products */;
			projectDirPath = "";
			projectRoot = "";
			targets = (
				61AC7EB01E1E355D001166E7 /* TransmitInfoServer */,
			);
		};
/* End PBXProject section */

/* Begin PBXResourcesBuildPhase section */
		61AC7EAF1E1E355D001166E7 /* Resources */ = {
			isa = PBXResourcesBuildPhase;
			buildActionMask = 2147483647;
			files = (
				61AC7EEC1E1E376E001166E7 /* Info.plist in Resources */,
				61AC7EBB1E1E355E001166E7 /* Assets.xcassets in Resources */,
				61AC7EE91E1E376E001166E7 /* Documentation.html in Resources */,
				61AC7EEF1E1E376E001166E7 /* Documentation.html in Resources */,
				61AC7EF81E1E376E001166E7 /* README.txt in Resources */,
				61AC7EBE1E1E355E001166E7 /* MainMenu.xib in Resources */,
			);
			runOnlyForDeploymentPostprocessing = 0;
		};
/* End PBXResourcesBuildPhase section */

/* Begin PBXSourcesBuildPhase section */
		61AC7EAD1E1E355D001166E7 /* Sources */ = {
			isa = PBXSourcesBuildPhase;
			buildActionMask = 2147483647;
			files = (
				61AC7EF31E1E376E001166E7 /* DDLog.m in Sources */,
				61AC7EF61E1E376E001166E7 /* DDDispatchQueueLogFormatter.m in Sources */,
				61AC7EF11E1E376E001166E7 /* DDASLLogger.m in Sources */,
				61AC7EEB1E1E376E001166E7 /* GCDAsyncUdpSocket.m in Sources */,
				61AC7EED1E1E376E001166E7 /* AsyncSocket.m in Sources */,
				61AC7EF41E1E376E001166E7 /* DDTTYLogger.m in Sources */,
				61AC7EFB1E1E37AB001166E7 /* SocketServerManager.m in Sources */,
				61AC7EEA1E1E376E001166E7 /* GCDAsyncSocket.m in Sources */,
				61AC7EEE1E1E376E001166E7 /* AsyncUdpSocket.m in Sources */,
				61AC7EF01E1E376E001166E7 /* DDAbstractDatabaseLogger.m in Sources */,
				61AC7EB91E1E355D001166E7 /* main.m in Sources */,
				61AC7EF71E1E376E001166E7 /* DDMultiFormatter.m in Sources */,
				61AC7EF51E1E376E001166E7 /* DDContextFilterLogFormatter.m in Sources */,
				61AC7EF21E1E376E001166E7 /* DDFileLogger.m in Sources */,
				61AC7EB61E1E355D001166E7 /* AppDelegate.m in Sources */,
			);
			runOnlyForDeploymentPostprocessing = 0;
		};
/* End PBXSourcesBuildPhase section */

/* Begin PBXVariantGroup section */
		61AC7EBC1E1E355E001166E7 /* MainMenu.xib */ = {
			isa = PBXVariantGroup;
			children = (
				61AC7EBD1E1E355E001166E7 /* Base */,
			);
			name = MainMenu.xib;
			sourceTree = "<group>";
		};
/* End PBXVariantGroup section */

/* Begin XCBuildConfiguration section */
		61AC7EC01E1E355E001166E7 /* Debug */ = {
			isa = XCBuildConfiguration;
			buildSettings = {
				ALWAYS_SEARCH_USER_PATHS = NO;
				CLANG_ANALYZER_NONNULL = YES;
				CLANG_CXX_LANGUAGE_STANDARD = "gnu++0x";
				CLANG_CXX_LIBRARY = "libc++";
				CLANG_ENABLE_MODULES = YES;
				CLANG_ENABLE_OBJC_ARC = YES;
				CLANG_WARN_BOOL_CONVERSION = YES;
				CLANG_WARN_CONSTANT_CONVERSION = YES;
				CLANG_WARN_DIRECT_OBJC_ISA_USAGE = YES_ERROR;
				CLANG_WARN_DOCUMENTATION_COMMENTS = YES;
				CLANG_WARN_EMPTY_BODY = YES;
				CLANG_WARN_ENUM_CONVERSION = YES;
				CLANG_WARN_INFINITE_RECURSION = YES;
				CLANG_WARN_INT_CONVERSION = YES;
				CLANG_WARN_OBJC_ROOT_CLASS = YES_ERROR;
				CLANG_WARN_SUSPICIOUS_MOVES = YES;
				CLANG_WARN_UNREACHABLE_CODE = YES;
				CLANG_WARN__DUPLICATE_METHOD_MATCH = YES;
				CODE_SIGN_IDENTITY = "-";
				COPY_PHASE_STRIP = NO;
				DEBUG_INFORMATION_FORMAT = dwarf;
				ENABLE_STRICT_OBJC_MSGSEND = YES;
				ENABLE_TESTABILITY = YES;
				GCC_C_LANGUAGE_STANDARD = gnu99;
				GCC_DYNAMIC_NO_PIC = NO;
				GCC_NO_COMMON_BLOCKS = YES;
				GCC_OPTIMIZATION_LEVEL = 0;
				GCC_PREPROCESSOR_DEFINITIONS = (
					"DEBUG=1",
					"$(inherited)",
				);
				GCC_WARN_64_TO_32_BIT_CONVERSION = YES;
				GCC_WARN_ABOUT_RETURN_TYPE = YES_ERROR;
				GCC_WARN_UNDECLARED_SELECTOR = YES;
				GCC_WARN_UNINITIALIZED_AUTOS = YES_AGGRESSIVE;
				GCC_WARN_UNUSED_FUNCTION = YES;
				GCC_WARN_UNUSED_VARIABLE = YES;
				MACOSX_DEPLOYMENT_TARGET = 10.11;
				MTL_ENABLE_DEBUG_INFO = YES;
				ONLY_ACTIVE_ARCH = YES;
				SDKROOT = macosx;
			};
			name = Debug;
		};
		61AC7EC11E1E355E001166E7 /* Release */ = {
			isa = XCBuildConfiguration;
			buildSettings = {
				ALWAYS_SEARCH_USER_PATHS = NO;
				CLANG_ANALYZER_NONNULL = YES;
				CLANG_CXX_LANGUAGE_STANDARD = "gnu++0x";
				CLANG_CXX_LIBRARY = "libc++";
				CLANG_ENABLE_MODULES = YES;
				CLANG_ENABLE_OBJC_ARC = YES;
				CLANG_WARN_BOOL_CONVERSION = YES;
				CLANG_WARN_CONSTANT_CONVERSION = YES;
				CLANG_WARN_DIRECT_OBJC_ISA_USAGE = YES_ERROR;
				CLANG_WARN_DOCUMENTATION_COMMENTS = YES;
				CLANG_WARN_EMPTY_BODY = YES;
				CLANG_WARN_ENUM_CONVERSION = YES;
				CLANG_WARN_INFINITE_RECURSION = YES;
				CLANG_WARN_INT_CONVERSION = YES;
				CLANG_WARN_OBJC_ROOT_CLASS = YES_ERROR;
				CLANG_WARN_SUSPICIOUS_MOVES = YES;
				CLANG_WARN_UNREACHABLE_CODE = YES;
				CLANG_WARN__DUPLICATE_METHOD_MATCH = YES;
				CODE_SIGN_IDENTITY = "-";
				COPY_PHASE_STRIP = NO;
				DEBUG_INFORMATION_FORMAT = "dwarf-with-dsym";
				ENABLE_NS_ASSERTIONS = NO;
				ENABLE_STRICT_OBJC_MSGSEND = YES;
				GCC_C_LANGUAGE_STANDARD = gnu99;
				GCC_NO_COMMON_BLOCKS = YES;
				GCC_WARN_64_TO_32_BIT_CONVERSION = YES;
				GCC_WARN_ABOUT_RETURN_TYPE = YES_ERROR;
				GCC_WARN_UNDECLARED_SELECTOR = YES;
				GCC_WARN_UNINITIALIZED_AUTOS = YES_AGGRESSIVE;
				GCC_WARN_UNUSED_FUNCTION = YES;
				GCC_WARN_UNUSED_VARIABLE = YES;
				MACOSX_DEPLOYMENT_TARGET = 10.11;
				MTL_ENABLE_DEBUG_INFO = NO;
				SDKROOT = macosx;
			};
			name = Release;
		};
		61AC7EC31E1E355E001166E7 /* Debug */ = {
			isa = XCBuildConfiguration;
			buildSettings = {
				ASSETCATALOG_COMPILER_APPICON_NAME = AppIcon;
				COMBINE_HIDPI_IMAGES = YES;
				INFOPLIST_FILE = TransmitInfoServer/Info.plist;
				LD_RUNPATH_SEARCH_PATHS = "$(inherited) @executable_path/../Frameworks";
				PRODUCT_BUNDLE_IDENTIFIER = com.wanglei.TransmitInfoServer;
				PRODUCT_NAME = "$(TARGET_NAME)";
			};
			name = Debug;
		};
		61AC7EC41E1E355E001166E7 /* Release */ = {
			isa = XCBuildConfiguration;
			buildSettings = {
				ASSETCATALOG_COMPILER_APPICON_NAME = AppIcon;
				COMBINE_HIDPI_IMAGES = YES;
				INFOPLIST_FILE = TransmitInfoServer/Info.plist;
				LD_RUNPATH_SEARCH_PATHS = "$(inherited) @executable_path/../Frameworks";
				PRODUCT_BUNDLE_IDENTIFIER = com.wanglei.TransmitInfoServer;
				PRODUCT_NAME = "$(TARGET_NAME)";
			};
			name = Release;
		};
/* End XCBuildConfiguration section */

/* Begin XCConfigurationList section */
		61AC7EAC1E1E355D001166E7 /* Build configuration list for PBXProject "TransmitInfoServer" */ = {
			isa = XCConfigurationList;
			buildConfigurations = (
				61AC7EC01E1E355E001166E7 /* Debug */,
				61AC7EC11E1E355E001166E7 /* Release */,
			);
			defaultConfigurationIsVisible = 0;
			defaultConfigurationName = Release;
		};
		61AC7EC21E1E355E001166E7 /* Build configuration list for PBXNativeTarget "TransmitInfoServer" */ = {
			isa = XCConfigurationList;
			buildConfigurations = (
				61AC7EC31E1E355E001166E7 /* Debug */,
				61AC7EC41E1E355E001166E7 /* Release */,
			);
			defaultConfigurationIsVisible = 0;
			defaultConfigurationName = Release;
		};
/* End XCConfigurationList section */
	};
	rootObject = 61AC7EA91E1E355D001166E7 /* Project object */;
}
